{
	"name": "hard-monorepo-example",
	"version": "1.0.0",
	"lockfileVersion": 3,
	"requires": true,
	"packages": {
		"": {
			"name": "hard-monorepo-example",
			"version": "1.0.0",
			"license": "ISC",
			"workspaces": [
				"@hard-apps/*"
			]
		},
		"@hard-apps/submodule-target-package-example": {
			"version": "1.0.0",
			"license": "ISC",
			"dependencies": {
				"@hard-apps/workspace-1": "^1.0.0"
			}
		},
		"@hard-apps/workspace-1": {
			"version": "1.0.0",
			"license": "ISC"
		},
		"node_modules/@hard-apps/submodule-target-package-example": {
			"resolved": "@hard-apps/submodule-target-package-example",
			"link": true
		},
		"node_modules/@hard-apps/workspace-1": {
			"resolved": "@hard-apps/workspace-1",
			"link": true
		},
		"packages/workspace-1": {
			"version": "1.0.0",
			"extraneous": true,
			"license": "ISC"
		}
	}
}
